// !$*UTF8*$!
{
	archiveVersion = 1;
	classes = {
	};
	objectVersion = 50;
	objects = {

/* Begin PBXBuildFile section */
		4A7EE7C02313EFB1005F79B0 /* AppDelegate.swift in Sources */ = {isa = PBXBuildFile; fileRef = 4A7EE7BF2313EFB1005F79B0 /* AppDelegate.swift */; };
		4A7EE7C22313EFB1005F79B0 /* ViewController.swift in Sources */ = {isa = PBXBuildFile; fileRef = 4A7EE7C12313EFB1005F79B0 /* ViewController.swift */; };
		4A7EE7C52313EFB1005F79B0 /* Main.storyboard in Resources */ = {isa = PBXBuildFile; fileRef = 4A7EE7C32313EFB1005F79B0 /* Main.storyboard */; };
		4A7EE7C72313EFB4005F79B0 /* Assets.xcassets in Resources */ = {isa = PBXBuildFile; fileRef = 4A7EE7C62313EFB4005F79B0 /* Assets.xcassets */; };
		4A7EE7CA2313EFB4005F79B0 /* LaunchScreen.storyboard in Resources */ = {isa = PBXBuildFile; fileRef = 4A7EE7C82313EFB4005F79B0 /* LaunchScreen.storyboard */; };
		A34E4D7282FB44EBE0CDEE24 /* Pods_TestPlacesApi.framework in Frameworks */ = {isa = PBXBuildFile; fileRef = 34E9396E2EB235CBB2FACF33 /* Pods_TestPlacesApi.framework */; };
/* End PBXBuildFile section */

/* Begin PBXFileReference section */
		2C55D69AF2A688BBD296A3B6 /* Pods-TestPlacesApi.debug.xcconfig */ = {isa = PBXFileReference; includeInIndex = 1; lastKnownFileType = text.xcconfig; name = "Pods-TestPlacesApi.debug.xcconfig"; path = "Target Support Files/Pods-TestPlacesApi/Pods-TestPlacesApi.debug.xcconfig"; sourceTree = "<group>"; };
		34E9396E2EB235CBB2FACF33 /* Pods_TestPlacesApi.framework */ = {isa = PBXFileReference; explicitFileType = wrapper.framework; includeInIndex = 0; path = Pods_TestPlacesApi.framework; sourceTree = BUILT_PRODUCTS_DIR; };
		4A7EE7BC2313EFB1005F79B0 /* TestPlacesApi.app */ = {isa = PBXFileReference; explicitFileType = wrapper.application; includeInIndex = 0; path = TestPlacesApi.app; sourceTree = BUILT_PRODUCTS_DIR; };
		4A7EE7BF2313EFB1005F79B0 /* AppDelegate.swift */ = {isa = PBXFileReference; lastKnownFileType = sourcecode.swift; path = AppDelegate.swift; sourceTree = "<group>"; };
		4A7EE7C12313EFB1005F79B0 /* ViewController.swift */ = {isa = PBXFileReference; lastKnownFileType = sourcecode.swift; path = ViewController.swift; sourceTree = "<group>"; };
		4A7EE7C42313EFB1005F79B0 /* Base */ = {isa = PBXFileReference; lastKnownFileType = file.storyboard; name = Base; path = Base.lproj/Main.storyboard; sourceTree = "<group>"; };
		4A7EE7C62313EFB4005F79B0 /* Assets.xcassets */ = {isa = PBXFileReference; lastKnownFileType = folder.assetcatalog; path = Assets.xcassets; sourceTree = "<group>"; };
		4A7EE7C92313EFB4005F79B0 /* Base */ = {isa = PBXFileReference; lastKnownFileType = file.storyboard; name = Base; path = Base.lproj/LaunchScreen.storyboard; sourceTree = "<group>"; };
		4A7EE7CB2313EFB4005F79B0 /* Info.plist */ = {isa = PBXFileReference; lastKnownFileType = text.plist.xml; path = Info.plist; sourceTree = "<group>"; };
		DB7448AD4F923378156CFC05 /* Pods-TestPlacesApi.release.xcconfig */ = {isa = PBXFileReference; includeInIndex = 1; lastKnownFileType = text.xcconfig; name = "Pods-TestPlacesApi.release.xcconfig"; path = "Target Support Files/Pods-TestPlacesApi/Pods-TestPlacesApi.release.xcconfig"; sourceTree = "<group>"; };
/* End PBXFileReference section */

/* Begin PBXFrameworksBuildPhase section */
		4A7EE7B92313EFB1005F79B0 /* Frameworks */ = {
			isa = PBXFrameworksBuildPhase;
			buildActionMask = 2147483647;
			files = (
				A34E4D7282FB44EBE0CDEE24 /* Pods_TestPlacesApi.framework in Frameworks */,
			);
			runOnlyForDeploymentPostprocessing = 0;
		};
/* End PBXFrameworksBuildPhase section */

/* Begin PBXGroup section */
		232B79EE8C11F3941C9C00EB /* Pods */ = {
			isa = PBXGroup;
			children = (
				2C55D69AF2A688BBD296A3B6 /* Pods-TestPlacesApi.debug.xcconfig */,
				DB7448AD4F923378156CFC05 /* Pods-TestPlacesApi.release.xcconfig */,
			);
			name = Pods;
			path = Pods;
			sourceTree = "<group>";
		};
		4A7EE7B32313EFB1005F79B0 = {
			isa = PBXGroup;
			children = (
				4A7EE7BE2313EFB1005F79B0 /* TestPlacesApi */,
				4A7EE7BD2313EFB1005F79B0 /* Products */,
				232B79EE8C11F3941C9C00EB /* Pods */,
				68C888897F7995B1155263EF /* Frameworks */,
			);
			sourceTree = "<group>";
		};
		4A7EE7BD2313EFB1005F79B0 /* Products */ = {
			isa = PBXGroup;
			children = (
				4A7EE7BC2313EFB1005F79B0 /* TestPlacesApi.app */,
			);
			name = Products;
			sourceTree = "<group>";
		};
		4A7EE7BE2313EFB1005F79B0 /* TestPlacesApi */ = {
			isa = PBXGroup;
			children = (
				4A7EE7BF2313EFB1005F79B0 /* AppDelegate.swift */,
				4A7EE7C12313EFB1005F79B0 /* ViewController.swift */,
				4A7EE7C32313EFB1005F79B0 /* Main.storyboard */,
				4A7EE7C62313EFB4005F79B0 /* Assets.xcassets */,
				4A7EE7C82313EFB4005F79B0 /* LaunchScreen.storyboard */,
				4A7EE7CB2313EFB4005F79B0 /* Info.plist */,
			);
			path = TestPlacesApi;
			sourceTree = "<group>";
		};
		68C888897F7995B1155263EF /* Frameworks */ = {
			isa = PBXGroup;
			children = (
				34E9396E2EB235CBB2FACF33 /* Pods_TestPlacesApi.framework */,
			);
			name = Frameworks;
			sourceTree = "<group>";
		};
/* End PBXGroup section */

/* Begin PBXNativeTarget section */
		4A7EE7BB2313EFB1005F79B0 /* TestPlacesApi */ = {
			isa = PBXNativeTarget;
			buildConfigurationList = 4A7EE7CE2313EFB4005F79B0 /* Build configuration list for PBXNativeTarget "TestPlacesApi" */;
			buildPhases = (
				75C2A0DD88153ECAF6717930 /* [CP] Check Pods Manifest.lock */,
				4A7EE7B82313EFB1005F79B0 /* Sources */,
				4A7EE7B92313EFB1005F79B0 /* Frameworks */,
				4A7EE7BA2313EFB1005F79B0 /* Resources */,
				DB45F1AB1428FC6D737A6E3F /* [CP] Copy Pods Resources */,
			);
			buildRules = (
			);
			dependencies = (
			);
			name = TestPlacesApi;
			productName = TestPlacesApi;
			productReference = 4A7EE7BC2313EFB1005F79B0 /* TestPlacesApi.app */;
			productType = "com.apple.product-type.application";
		};
/* End PBXNativeTarget section */

/* Begin PBXProject section */
		4A7EE7B42313EFB1005F79B0 /* Project object */ = {
			isa = PBXProject;
			attributes = {
				LastSwiftUpdateCheck = 1020;
				LastUpgradeCheck = 1020;
				ORGANIZATIONNAME = Tintash;
				TargetAttributes = {
					4A7EE7BB2313EFB1005F79B0 = {
						CreatedOnToolsVersion = 10.2;
					};
				};
			};
			buildConfigurationList = 4A7EE7B72313EFB1005F79B0 /* Build configuration list for PBXProject "TestPlacesApi" */;
			compatibilityVersion = "Xcode 9.3";
			developmentRegion = en;
			hasScannedForEncodings = 0;
			knownRegions = (
				en,
				Base,
			);
			mainGroup = 4A7EE7B32313EFB1005F79B0;
			productRefGroup = 4A7EE7BD2313EFB1005F79B0 /* Products */;
			projectDirPath = "";
			projectRoot = "";
			targets = (
				4A7EE7BB2313EFB1005F79B0 /* TestPlacesApi */,
			);
		};
/* End PBXProject section */

/* Begin PBXResourcesBuildPhase section */
		4A7EE7BA2313EFB1005F79B0 /* Resources */ = {
			isa = PBXResourcesBuildPhase;
			buildActionMask = 2147483647;
			files = (
				4A7EE7CA2313EFB4005F79B0 /* LaunchScreen.storyboard in Resources */,
				4A7EE7C72313EFB4005F79B0 /* Assets.xcassets in Resources */,
				4A7EE7C52313EFB1005F79B0 /* Main.storyboard in Resources */,
			);
			runOnlyForDeploymentPostprocessing = 0;
		};
/* End PBXResourcesBuildPhase section */

/* Begin PBXShellScriptBuildPhase section */
		75C2A0DD88153ECAF6717930 /* [CP] Check Pods Manifest.lock */ = {
			isa = PBXShellScriptBuildPhase;
			buildActionMask = 2147483647;
			files = (
			);
			inputFileListPaths = (
			);
			inputPaths = (
				"${PODS_PODFILE_DIR_PATH}/Podfile.lock",
				"${PODS_ROOT}/Manifest.lock",
			);
			name = "[CP] Check Pods Manifest.lock";
			outputFileListPaths = (
			);
			outputPaths = (
				"$(DERIVED_FILE_DIR)/Pods-TestPlacesApi-checkManifestLockResult.txt",
			);
			runOnlyForDeploymentPostprocessing = 0;
			shellPath = /bin/sh;
			shellScript = "diff \"${PODS_PODFILE_DIR_PATH}/Podfile.lock\" \"${PODS_ROOT}/Manifest.lock\" > /dev/null\nif [ $? != 0 ] ; then\n    # print error to STDERR\n    echo \"error: The sandbox is not in sync with the Podfile.lock. Run 'pod install' or update your CocoaPods installation.\" >&2\n    exit 1\nfi\n# This output is used by Xcode 'outputs' to avoid re-running this script phase.\necho \"SUCCESS\" > \"${SCRIPT_OUTPUT_FILE_0}\"\n";
			showEnvVarsInLog = 0;
		};
		DB45F1AB1428FC6D737A6E3F /* [CP] Copy Pods Resources */ = {
			isa = PBXShellScriptBuildPhase;
			buildActionMask = 2147483647;
			files = (
			);
			inputFileListPaths = (
				"${PODS_ROOT}/Target Support Files/Pods-TestPlacesApi/Pods-TestPlacesApi-resources-${CONFIGURATION}-input-files.xcfilelist",
			);
			name = "[CP] Copy Pods Resources";
			outputFileListPaths = (
				"${PODS_ROOT}/Target Support Files/Pods-TestPlacesApi/Pods-TestPlacesApi-resources-${CONFIGURATION}-output-files.xcfilelist",
			);
			runOnlyForDeploymentPostprocessing = 0;
			shellPath = /bin/sh;
			shellScript = "\"${PODS_ROOT}/Target Support Files/Pods-TestPlacesApi/Pods-TestPlacesApi-resources.sh\"\n";
			showEnvVarsInLog = 0;
		};
/* End PBXShellScriptBuildPhase section */

/* Begin PBXSourcesBuildPhase section */
		4A7EE7B82313EFB1005F79B0 /* Sources */ = {
			isa = PBXSourcesBuildPhase;
			buildActionMask = 2147483647;
			files = (
				4A7EE7C22313EFB1005F79B0 /* ViewController.swift in Sources */,
				4A7EE7C02313EFB1005F79B0 /* AppDelegate.swift in Sources */,
			);
			runOnlyForDeploymentPostprocessing = 0;
		};
/* End PBXSourcesBuildPhase section */

/* Begin PBXVariantGroup section */
		4A7EE7C32313EFB1005F79B0 /* Main.storyboard */ = {
			isa = PBXVariantGroup;
			children = (
				4A7EE7C42313EFB1005F79B0 /* Base */,
			);
			name = Main.storyboard;
			sourceTree = "<group>";
		};
		4A7EE7C82313EFB4005F79B0 /* LaunchScreen.storyboard */ = {
			isa = PBXVariantGroup;
			children = (
				4A7EE7C92313EFB4005F79B0 /* Base */,
			);
			name = LaunchScreen.storyboard;
			sourceTree = "<group>";
		};
/* End PBXVariantGroup section */

/* Begin XCBuildConfiguration section */
		4A7EE7CC2313EFB4005F79B0 /* Debug */ = {
			isa = XCBuildConfiguration;
			buildSettings = {
				ALWAYS_SEARCH_USER_PATHS = NO;
				CLANG_ANALYZER_NONNULL = YES;
				CLANG_ANALYZER_NUMBER_OBJECT_CONVERSION = YES_AGGRESSIVE;
				CLANG_CXX_LANGUAGE_STANDARD = "gnu++14";
				CLANG_CXX_LIBRARY = "libc++";
				CLANG_ENABLE_MODULES = YES;
				CLANG_ENABLE_OBJC_ARC = YES;
				CLANG_ENABLE_OBJC_WEAK = YES;
				CLANG_WARN_BLOCK_CAPTURE_AUTORELEASING = YES;
				CLANG_WARN_BOOL_CONVERSION = YES;
				CLANG_WARN_COMMA = YES;
				CLANG_WARN_CONSTANT_CONVERSION = YES;
				CLANG_WARN_DEPRECATED_OBJC_IMPLEMENTATIONS = YES;
				CLANG_WARN_DIRECT_OBJC_ISA_USAGE = YES_ERROR;
				CLANG_WARN_DOCUMENTATION_COMMENTS = YES;
				CLANG_WARN_EMPTY_BODY = YES;
				CLANG_WARN_ENUM_CONVERSION = YES;
				CLANG_WARN_INFINITE_RECURSION = YES;
				CLANG_WARN_INT_CONVERSION = YES;
				CLANG_WARN_NON_LITERAL_NULL_CONVERSION = YES;
				CLANG_WARN_OBJC_IMPLICIT_RETAIN_SELF = YES;
				CLANG_WARN_OBJC_LITERAL_CONVERSION = YES;
				CLANG_WARN_OBJC_ROOT_CLASS = YES_ERROR;
				CLANG_WARN_RANGE_LOOP_ANALYSIS = YES;
				CLANG_WARN_STRICT_PROTOTYPES = YES;
				CLANG_WARN_SUSPICIOUS_MOVE = YES;
				CLANG_WARN_UNGUARDED_AVAILABILITY = YES_AGGRESSIVE;
				CLANG_WARN_UNREACHABLE_CODE = YES;
				CLANG_WARN__DUPLICATE_METHOD_MATCH = YES;
				CODE_SIGN_IDENTITY = "iPhone Developer";
				COPY_PHASE_STRIP = NO;
				DEBUG_INFORMATION_FORMAT = dwarf;
				ENABLE_STRICT_OBJC_MSGSEND = YES;
				ENABLE_TESTABILITY = YES;
				GCC_C_LANGUAGE_STANDARD = gnu11;
				GCC_DYNAMIC_NO_PIC = NO;
				GCC_NO_COMMON_BLOCKS = YES;
				GCC_OPTIMIZATION_LEVEL = 0;
				GCC_PREPROCESSOR_DEFINITIONS = (
					"DEBUG=1",
					"$(inherited)",
				);
				GCC_WARN_64_TO_32_BIT_CONVERSION = YES;
				GCC_WARN_ABOUT_RETURN_TYPE = YES_ERROR;
				GCC_WARN_UNDECLARED_SELECTOR = YES;
				GCC_WARN_UNINITIALIZED_AUTOS = YES_AGGRESSIVE;
				GCC_WARN_UNUSED_FUNCTION = YES;
				GCC_WARN_UNUSED_VARIABLE = YES;
				IPHONEOS_DEPLOYMENT_TARGET = 12.2;
				MTL_ENABLE_DEBUG_INFO = INCLUDE_SOURCE;
				MTL_FAST_MATH = YES;
				ONLY_ACTIVE_ARCH = YES;
				SDKROOT = iphoneos;
				SWIFT_ACTIVE_COMPILATION_CONDITIONS = DEBUG;
				SWIFT_OPTIMIZATION_LEVEL = "-Onone";
			};
			name = Debug;
		};
		4A7EE7CD2313EFB4005F79B0 /* Release */ = {
			isa = XCBuildConfiguration;
			buildSettings = {
				ALWAYS_SEARCH_USER_PATHS = NO;
				CLANG_ANALYZER_NONNULL = YES;
				CLANG_ANALYZER_NUMBER_OBJECT_CONVERSION = YES_AGGRESSIVE;
				CLANG_CXX_LANGUAGE_STANDARD = "gnu++14";
				CLANG_CXX_LIBRARY = "libc++";
				CLANG_ENABLE_MODULES = YES;
				CLANG_ENABLE_OBJC_ARC = YES;
				CLANG_ENABLE_OBJC_WEAK = YES;
				CLANG_WARN_BLOCK_CAPTURE_AUTORELEASING = YES;
				CLANG_WARN_BOOL_CONVERSION = YES;
				CLANG_WARN_COMMA = YES;
				CLANG_WARN_CONSTANT_CONVERSION = YES;
				CLANG_WARN_DEPRECATED_OBJC_IMPLEMENTATIONS = YES;
				CLANG_WARN_DIRECT_OBJC_ISA_USAGE = YES_ERROR;
				CLANG_WARN_DOCUMENTATION_COMMENTS = YES;
				CLANG_WARN_EMPTY_BODY = YES;
				CLANG_WARN_ENUM_CONVERSION = YES;
				CLANG_WARN_INFINITE_RECURSION = YES;
				CLANG_WARN_INT_CONVERSION = YES;
				CLANG_WARN_NON_LITERAL_NULL_CONVERSION = YES;
				CLANG_WARN_OBJC_IMPLICIT_RETAIN_SELF = YES;
				CLANG_WARN_OBJC_LITERAL_CONVERSION = YES;
				CLANG_WARN_OBJC_ROOT_CLASS = YES_ERROR;
				CLANG_WARN_RANGE_LOOP_ANALYSIS = YES;
				CLANG_WARN_STRICT_PROTOTYPES = YES;
				CLANG_WARN_SUSPICIOUS_MOVE = YES;
				CLANG_WARN_UNGUARDED_AVAILABILITY = YES_AGGRESSIVE;
				CLANG_WARN_UNREACHABLE_CODE = YES;
				CLANG_WARN__DUPLICATE_METHOD_MATCH = YES;
				CODE_SIGN_IDENTITY = "iPhone Developer";
				COPY_PHASE_STRIP = NO;
				DEBUG_INFORMATION_FORMAT = "dwarf-with-dsym";
				ENABLE_NS_ASSERTIONS = NO;
				ENABLE_STRICT_OBJC_MSGSEND = YES;
				GCC_C_LANGUAGE_STANDARD = gnu11;
				GCC_NO_COMMON_BLOCKS = YES;
				GCC_WARN_64_TO_32_BIT_CONVERSION = YES;
				GCC_WARN_ABOUT_RETURN_TYPE = YES_ERROR;
				GCC_WARN_UNDECLARED_SELECTOR = YES;
				GCC_WARN_UNINITIALIZED_AUTOS = YES_AGGRESSIVE;
				GCC_WARN_UNUSED_FUNCTION = YES;
				GCC_WARN_UNUSED_VARIABLE = YES;
				IPHONEOS_DEPLOYMENT_TARGET = 12.2;
				MTL_ENABLE_DEBUG_INFO = NO;
				MTL_FAST_MATH = YES;
				SDKROOT = iphoneos;
				SWIFT_COMPILATION_MODE = wholemodule;
				SWIFT_OPTIMIZATION_LEVEL = "-O";
				VALIDATE_PRODUCT = YES;
			};
			name = Release;
		};
		4A7EE7CF2313EFB4005F79B0 /* Debug */ = {
			isa = XCBuildConfiguration;
			baseConfigurationReference = 2C55D69AF2A688BBD296A3B6 /* Pods-TestPlacesApi.debug.xcconfig */;
			buildSettings = {
				ASSETCATALOG_COMPILER_APPICON_NAME = AppIcon;
				CODE_SIGN_STYLE = Automatic;
				DEVELOPMENT_TEAM = 3R4SFQQY84;
				INFOPLIST_FILE = TestPlacesApi/Info.plist;
				LD_RUNPATH_SEARCH_PATHS = (
					"$(inherited)",
					"@executable_path/Frameworks",
				);
				PRODUCT_BUNDLE_IDENTIFIER = com.tintash.TestPlacesApi;
				PRODUCT_NAME = "$(TARGET_NAME)";
				SWIFT_VERSION = 5.0;
				TARGETED_DEVICE_FAMILY = "1,2";
			};
			name = Debug;
		};
		4A7EE7D02313EFB4005F79B0 /* Release */ = {
			isa = XCBuildConfiguration;
			baseConfigurationReference = DB7448AD4F923378156CFC05 /* Pods-TestPlacesApi.release.xcconfig */;
			buildSettings = {
				ASSETCATALOG_COMPILER_APPICON_NAME = AppIcon;
				CODE_SIGN_STYLE = Automatic;
				DEVELOPMENT_TEAM = 3R4SFQQY84;
				INFOPLIST_FILE = TestPlacesApi/Info.plist;
				LD_RUNPATH_SEARCH_PATHS = (
					"$(inherited)",
					"@executable_path/Frameworks",
				);
				PRODUCT_BUNDLE_IDENTIFIER = com.tintash.TestPlacesApi;
				PRODUCT_NAME = "$(TARGET_NAME)";
				SWIFT_VERSION = 5.0;
				TARGETED_DEVICE_FAMILY = "1,2";
			};
			name = Release;
		};
/* End XCBuildConfiguration section */

/* Begin XCConfigurationList section */
		4A7EE7B72313EFB1005F79B0 /* Build configuration list for PBXProject "TestPlacesApi" */ = {
			isa = XCConfigurationList;
			buildConfigurations = (
				4A7EE7CC2313EFB4005F79B0 /* Debug */,
				4A7EE7CD2313EFB4005F79B0 /* Release */,
			);
			defaultConfigurationIsVisible = 0;
			defaultConfigurationName = Release;
		};
		4A7EE7CE2313EFB4005F79B0 /* Build configuration list for PBXNativeTarget "TestPlacesApi" */ = {
			isa = XCConfigurationList;
			buildConfigurations = (
				4A7EE7CF2313EFB4005F79B0 /* Debug */,
				4A7EE7D02313EFB4005F79B0 /* Release */,
			);
			defaultConfigurationIsVisible = 0;
			defaultConfigurationName = Release;
		};
/* End XCConfigurationList section */
	};
	rootObject = 4A7EE7B42313EFB1005F79B0 /* Project object */;
}
